// !$*UTF8*$!
{
	archiveVersion = 1;
	classes = {
	};
	objectVersion = 46;
	objects = {

/* Begin PBXBuildFile section */
		67DDAF2BB722A25906ACE076 /* Pods_Huella_Deportiva.framework in Frameworks */ = {isa = PBXBuildFile; fileRef = 4FCD923131D74CF98FEE1435 /* Pods_Huella_Deportiva.framework */; };
		E639CDC01C8FB8AC00B5A744 /* AppDelegate.swift in Sources */ = {isa = PBXBuildFile; fileRef = E639CDBF1C8FB8AC00B5A744 /* AppDelegate.swift */; };
		E639CDC51C8FB8AC00B5A744 /* Main.storyboard in Resources */ = {isa = PBXBuildFile; fileRef = E639CDC31C8FB8AC00B5A744 /* Main.storyboard */; };
		E639CDC71C8FB8AC00B5A744 /* Assets.xcassets in Resources */ = {isa = PBXBuildFile; fileRef = E639CDC61C8FB8AC00B5A744 /* Assets.xcassets */; };
		E639CDCA1C8FB8AC00B5A744 /* LaunchScreen.storyboard in Resources */ = {isa = PBXBuildFile; fileRef = E639CDC81C8FB8AC00B5A744 /* LaunchScreen.storyboard */; };
		E639CDD31C8FC0D100B5A744 /* HomeViewController.swift in Sources */ = {isa = PBXBuildFile; fileRef = E639CDD21C8FC0D100B5A744 /* HomeViewController.swift */; };
		E639CDD81C8FC31200B5A744 /* PostCell.swift in Sources */ = {isa = PBXBuildFile; fileRef = E639CDD71C8FC31200B5A744 /* PostCell.swift */; };
		E639CDDA1C8FC52500B5A744 /* News.swift in Sources */ = {isa = PBXBuildFile; fileRef = E639CDD91C8FC52500B5A744 /* News.swift */; };
		E639CDDC1C8FCE1700B5A744 /* NewsDetailViewController.swift in Sources */ = {isa = PBXBuildFile; fileRef = E639CDDB1C8FCE1700B5A744 /* NewsDetailViewController.swift */; };
		E639CDE81C92146D00B5A744 /* SWRevealViewController.m in Sources */ = {isa = PBXBuildFile; fileRef = E639CDE71C92146D00B5A744 /* SWRevealViewController.m */; };
		E639CDEB1C921A7300B5A744 /* MenuTableViewController.swift in Sources */ = {isa = PBXBuildFile; fileRef = E639CDEA1C921A7300B5A744 /* MenuTableViewController.swift */; };
		E639CDED1C92229500B5A744 /* ScheduleViewController.swift in Sources */ = {isa = PBXBuildFile; fileRef = E639CDEC1C92229500B5A744 /* ScheduleViewController.swift */; };
		E639CDEF1C92233600B5A744 /* StandingsViewController.swift in Sources */ = {isa = PBXBuildFile; fileRef = E639CDEE1C92233600B5A744 /* StandingsViewController.swift */; };
		E639CDF11C9223C100B5A744 /* SportsViewController.swift in Sources */ = {isa = PBXBuildFile; fileRef = E639CDF01C9223C100B5A744 /* SportsViewController.swift */; };
		E639CDF31C92242F00B5A744 /* PhotosViewController.swift in Sources */ = {isa = PBXBuildFile; fileRef = E639CDF21C92242F00B5A744 /* PhotosViewController.swift */; };
		F60B1DD41CADEC0B00023A99 /* Post.swift in Sources */ = {isa = PBXBuildFile; fileRef = F60B1DD31CADEC0B00023A99 /* Post.swift */; };
		F61D920C1CB1D65500B05FF4 /* SettingsViewController.swift in Sources */ = {isa = PBXBuildFile; fileRef = F61D920B1CB1D65500B05FF4 /* SettingsViewController.swift */; };
		F6A9DA831CB0DBF7009CAEEA /* LoginViewController.swift in Sources */ = {isa = PBXBuildFile; fileRef = F6A9DA821CB0DBF7009CAEEA /* LoginViewController.swift */; };
		F6DE4E661CB1A7AE00FBA77E /* TwitterClient.swift in Sources */ = {isa = PBXBuildFile; fileRef = F6DE4E651CB1A7AE00FBA77E /* TwitterClient.swift */; };
/* End PBXBuildFile section */

/* Begin PBXFileReference section */
		25DDF6DBC7617EC8527E9E61 /* Pods-Huella_Deportiva.debug.xcconfig */ = {isa = PBXFileReference; includeInIndex = 1; lastKnownFileType = text.xcconfig; name = "Pods-Huella_Deportiva.debug.xcconfig"; path = "Pods/Target Support Files/Pods-Huella_Deportiva/Pods-Huella_Deportiva.debug.xcconfig"; sourceTree = "<group>"; };
		4FCD923131D74CF98FEE1435 /* Pods_Huella_Deportiva.framework */ = {isa = PBXFileReference; explicitFileType = wrapper.framework; includeInIndex = 0; path = Pods_Huella_Deportiva.framework; sourceTree = BUILT_PRODUCTS_DIR; };
		6C511E04D2DA1DB4AC935FCC /* Pods-Huella_Deportiva.release.xcconfig */ = {isa = PBXFileReference; includeInIndex = 1; lastKnownFileType = text.xcconfig; name = "Pods-Huella_Deportiva.release.xcconfig"; path = "Pods/Target Support Files/Pods-Huella_Deportiva/Pods-Huella_Deportiva.release.xcconfig"; sourceTree = "<group>"; };
		E639CDBC1C8FB8AC00B5A744 /* Huella_Deportiva.app */ = {isa = PBXFileReference; explicitFileType = wrapper.application; includeInIndex = 0; path = Huella_Deportiva.app; sourceTree = BUILT_PRODUCTS_DIR; };
		E639CDBF1C8FB8AC00B5A744 /* AppDelegate.swift */ = {isa = PBXFileReference; lastKnownFileType = sourcecode.swift; path = AppDelegate.swift; sourceTree = "<group>"; };
		E639CDC41C8FB8AC00B5A744 /* Base */ = {isa = PBXFileReference; lastKnownFileType = file.storyboard; name = Base; path = Base.lproj/Main.storyboard; sourceTree = "<group>"; };
		E639CDC61C8FB8AC00B5A744 /* Assets.xcassets */ = {isa = PBXFileReference; lastKnownFileType = folder.assetcatalog; path = Assets.xcassets; sourceTree = "<group>"; };
		E639CDC91C8FB8AC00B5A744 /* Base */ = {isa = PBXFileReference; lastKnownFileType = file.storyboard; name = Base; path = Base.lproj/LaunchScreen.storyboard; sourceTree = "<group>"; };
		E639CDCB1C8FB8AC00B5A744 /* Info.plist */ = {isa = PBXFileReference; lastKnownFileType = text.plist.xml; path = Info.plist; sourceTree = "<group>"; };
		E639CDD21C8FC0D100B5A744 /* HomeViewController.swift */ = {isa = PBXFileReference; fileEncoding = 4; lastKnownFileType = sourcecode.swift; path = HomeViewController.swift; sourceTree = "<group>"; };
		E639CDD71C8FC31200B5A744 /* PostCell.swift */ = {isa = PBXFileReference; fileEncoding = 4; lastKnownFileType = sourcecode.swift; path = PostCell.swift; sourceTree = "<group>"; };
		E639CDD91C8FC52500B5A744 /* News.swift */ = {isa = PBXFileReference; fileEncoding = 4; lastKnownFileType = sourcecode.swift; path = News.swift; sourceTree = "<group>"; };
		E639CDDB1C8FCE1700B5A744 /* NewsDetailViewController.swift */ = {isa = PBXFileReference; fileEncoding = 4; lastKnownFileType = sourcecode.swift; path = NewsDetailViewController.swift; sourceTree = "<group>"; };
		E639CDE51C92146C00B5A744 /* Huella_Deportiva-Bridging-Header.h */ = {isa = PBXFileReference; lastKnownFileType = sourcecode.c.h; path = "Huella_Deportiva-Bridging-Header.h"; sourceTree = "<group>"; };
		E639CDE61C92146D00B5A744 /* SWRevealViewController.h */ = {isa = PBXFileReference; fileEncoding = 4; lastKnownFileType = sourcecode.c.h; path = SWRevealViewController.h; sourceTree = "<group>"; };
		E639CDE71C92146D00B5A744 /* SWRevealViewController.m */ = {isa = PBXFileReference; fileEncoding = 4; lastKnownFileType = sourcecode.c.objc; path = SWRevealViewController.m; sourceTree = "<group>"; };
		E639CDEA1C921A7300B5A744 /* MenuTableViewController.swift */ = {isa = PBXFileReference; fileEncoding = 4; lastKnownFileType = sourcecode.swift; path = MenuTableViewController.swift; sourceTree = "<group>"; };
		E639CDEC1C92229500B5A744 /* ScheduleViewController.swift */ = {isa = PBXFileReference; fileEncoding = 4; lastKnownFileType = sourcecode.swift; path = ScheduleViewController.swift; sourceTree = "<group>"; };
		E639CDEE1C92233600B5A744 /* StandingsViewController.swift */ = {isa = PBXFileReference; fileEncoding = 4; lastKnownFileType = sourcecode.swift; path = StandingsViewController.swift; sourceTree = "<group>"; };
		E639CDF01C9223C100B5A744 /* SportsViewController.swift */ = {isa = PBXFileReference; fileEncoding = 4; lastKnownFileType = sourcecode.swift; path = SportsViewController.swift; sourceTree = "<group>"; };
		E639CDF21C92242F00B5A744 /* PhotosViewController.swift */ = {isa = PBXFileReference; fileEncoding = 4; lastKnownFileType = sourcecode.swift; path = PhotosViewController.swift; sourceTree = "<group>"; };
		F60B1DD31CADEC0B00023A99 /* Post.swift */ = {isa = PBXFileReference; fileEncoding = 4; lastKnownFileType = sourcecode.swift; path = Post.swift; sourceTree = "<group>"; };
		F61D920B1CB1D65500B05FF4 /* SettingsViewController.swift */ = {isa = PBXFileReference; fileEncoding = 4; lastKnownFileType = sourcecode.swift; path = SettingsViewController.swift; sourceTree = "<group>"; };
		F6A9DA821CB0DBF7009CAEEA /* LoginViewController.swift */ = {isa = PBXFileReference; fileEncoding = 4; lastKnownFileType = sourcecode.swift; path = LoginViewController.swift; sourceTree = "<group>"; };
		F6DE4E651CB1A7AE00FBA77E /* TwitterClient.swift */ = {isa = PBXFileReference; fileEncoding = 4; lastKnownFileType = sourcecode.swift; path = TwitterClient.swift; sourceTree = "<group>"; };
/* End PBXFileReference section */

/* Begin PBXFrameworksBuildPhase section */
		E639CDB91C8FB8AC00B5A744 /* Frameworks */ = {
			isa = PBXFrameworksBuildPhase;
			buildActionMask = 2147483647;
			files = (
				67DDAF2BB722A25906ACE076 /* Pods_Huella_Deportiva.framework in Frameworks */,
			);
			runOnlyForDeploymentPostprocessing = 0;
		};
/* End PBXFrameworksBuildPhase section */

/* Begin PBXGroup section */
		6E157340122C06F6E05E566E /* Pods */ = {
			isa = PBXGroup;
			children = (
				25DDF6DBC7617EC8527E9E61 /* Pods-Huella_Deportiva.debug.xcconfig */,
				6C511E04D2DA1DB4AC935FCC /* Pods-Huella_Deportiva.release.xcconfig */,
			);
			name = Pods;
			sourceTree = "<group>";
		};
		9A18AABC5FBC634B13BC7033 /* Frameworks */ = {
			isa = PBXGroup;
			children = (
				4FCD923131D74CF98FEE1435 /* Pods_Huella_Deportiva.framework */,
			);
			name = Frameworks;
			sourceTree = "<group>";
		};
		E639CDB31C8FB8AC00B5A744 = {
			isa = PBXGroup;
			children = (
				E639CDBE1C8FB8AC00B5A744 /* Huella_Deportiva */,
				E639CDD51C8FC2E300B5A744 /* API */,
				E639CDD41C8FC2DC00B5A744 /* Model */,
				E639CDE91C92148F00B5A744 /* SupportingFiles */,
				E639CDBD1C8FB8AC00B5A744 /* Products */,
				6E157340122C06F6E05E566E /* Pods */,
				9A18AABC5FBC634B13BC7033 /* Frameworks */,
			);
			sourceTree = "<group>";
		};
		E639CDBD1C8FB8AC00B5A744 /* Products */ = {
			isa = PBXGroup;
			children = (
				E639CDBC1C8FB8AC00B5A744 /* Huella_Deportiva.app */,
			);
			name = Products;
			sourceTree = "<group>";
		};
		E639CDBE1C8FB8AC00B5A744 /* Huella_Deportiva */ = {
			isa = PBXGroup;
			children = (
				E639CDD11C8FC0A400B5A744 /* ViewControllers */,
				E639CDD61C8FC2EF00B5A744 /* Views */,
				E639CDBF1C8FB8AC00B5A744 /* AppDelegate.swift */,
				E639CDC31C8FB8AC00B5A744 /* Main.storyboard */,
				E639CDC61C8FB8AC00B5A744 /* Assets.xcassets */,
				E639CDC81C8FB8AC00B5A744 /* LaunchScreen.storyboard */,
				E639CDCB1C8FB8AC00B5A744 /* Info.plist */,
			);
			path = Huella_Deportiva;
			sourceTree = "<group>";
		};
		E639CDD11C8FC0A400B5A744 /* ViewControllers */ = {
			isa = PBXGroup;
			children = (
				E639CDD21C8FC0D100B5A744 /* HomeViewController.swift */,
				F61D920B1CB1D65500B05FF4 /* SettingsViewController.swift */,
				E639CDDB1C8FCE1700B5A744 /* NewsDetailViewController.swift */,
				E639CDEC1C92229500B5A744 /* ScheduleViewController.swift */,
				E639CDEE1C92233600B5A744 /* StandingsViewController.swift */,
				E639CDF01C9223C100B5A744 /* SportsViewController.swift */,
				F6A9DA821CB0DBF7009CAEEA /* LoginViewController.swift */,
				E639CDF21C92242F00B5A744 /* PhotosViewController.swift */,
				E639CDEA1C921A7300B5A744 /* MenuTableViewController.swift */,
			);
			name = ViewControllers;
			sourceTree = "<group>";
		};
		E639CDD41C8FC2DC00B5A744 /* Model */ = {
			isa = PBXGroup;
			children = (
				E639CDD91C8FC52500B5A744 /* News.swift */,
			);
			name = Model;
			path = Huella_Deportiva;
			sourceTree = "<group>";
		};
		E639CDD51C8FC2E300B5A744 /* API */ = {
			isa = PBXGroup;
			children = (
				F60B1DD31CADEC0B00023A99 /* Post.swift */,
				F6DE4E651CB1A7AE00FBA77E /* TwitterClient.swift */,
			);
			name = API;
			path = Huella_Deportiva;
			sourceTree = "<group>";
		};
		E639CDD61C8FC2EF00B5A744 /* Views */ = {
			isa = PBXGroup;
			children = (
				E639CDD71C8FC31200B5A744 /* PostCell.swift */,
			);
			name = Views;
			sourceTree = "<group>";
		};
		E639CDE91C92148F00B5A744 /* SupportingFiles */ = {
			isa = PBXGroup;
			children = (
				E639CDE61C92146D00B5A744 /* SWRevealViewController.h */,
				E639CDE71C92146D00B5A744 /* SWRevealViewController.m */,
				E639CDE51C92146C00B5A744 /* Huella_Deportiva-Bridging-Header.h */,
			);
			name = SupportingFiles;
			path = Huella_Deportiva;
			sourceTree = "<group>";
		};
/* End PBXGroup section */

/* Begin PBXNativeTarget section */
		E639CDBB1C8FB8AC00B5A744 /* Huella_Deportiva */ = {
			isa = PBXNativeTarget;
			buildConfigurationList = E639CDCE1C8FB8AC00B5A744 /* Build configuration list for PBXNativeTarget "Huella_Deportiva" */;
			buildPhases = (
				5FDBF7C3E9E27EBB46F8C457 /* Check Pods Manifest.lock */,
				E639CDB81C8FB8AC00B5A744 /* Sources */,
				E639CDB91C8FB8AC00B5A744 /* Frameworks */,
				E639CDBA1C8FB8AC00B5A744 /* Resources */,
				329C8C493DB17C323ED6A9EB /* Embed Pods Frameworks */,
				90947C29185EE4D1AC98DFEE /* Copy Pods Resources */,
			);
			buildRules = (
			);
			dependencies = (
			);
			name = Huella_Deportiva;
			productName = Huella_Deportiva;
			productReference = E639CDBC1C8FB8AC00B5A744 /* Huella_Deportiva.app */;
			productType = "com.apple.product-type.application";
		};
/* End PBXNativeTarget section */

/* Begin PBXProject section */
		E639CDB41C8FB8AC00B5A744 /* Project object */ = {
			isa = PBXProject;
			attributes = {
				LastSwiftUpdateCheck = 0720;
				LastUpgradeCheck = 0720;
				ORGANIZATIONNAME = "Cristian Melendez";
				TargetAttributes = {
					E639CDBB1C8FB8AC00B5A744 = {
						CreatedOnToolsVersion = 7.2.1;
						DevelopmentTeam = YQ83KTS9QR;
					};
				};
			};
			buildConfigurationList = E639CDB71C8FB8AC00B5A744 /* Build configuration list for PBXProject "Huella_Deportiva" */;
			compatibilityVersion = "Xcode 3.2";
			developmentRegion = English;
			hasScannedForEncodings = 0;
			knownRegions = (
				en,
				Base,
			);
			mainGroup = E639CDB31C8FB8AC00B5A744;
			productRefGroup = E639CDBD1C8FB8AC00B5A744 /* Products */;
			projectDirPath = "";
			projectRoot = "";
			targets = (
				E639CDBB1C8FB8AC00B5A744 /* Huella_Deportiva */,
			);
		};
/* End PBXProject section */

/* Begin PBXResourcesBuildPhase section */
		E639CDBA1C8FB8AC00B5A744 /* Resources */ = {
			isa = PBXResourcesBuildPhase;
			buildActionMask = 2147483647;
			files = (
				E639CDCA1C8FB8AC00B5A744 /* LaunchScreen.storyboard in Resources */,
				E639CDC71C8FB8AC00B5A744 /* Assets.xcassets in Resources */,
				E639CDC51C8FB8AC00B5A744 /* Main.storyboard in Resources */,
			);
			runOnlyForDeploymentPostprocessing = 0;
		};
/* End PBXResourcesBuildPhase section */

/* Begin PBXShellScriptBuildPhase section */
		329C8C493DB17C323ED6A9EB /* Embed Pods Frameworks */ = {
			isa = PBXShellScriptBuildPhase;
			buildActionMask = 2147483647;
			files = (
			);
			inputPaths = (
			);
			name = "Embed Pods Frameworks";
			outputPaths = (
			);
			runOnlyForDeploymentPostprocessing = 0;
			shellPath = /bin/sh;
			shellScript = "\"${SRCROOT}/Pods/Target Support Files/Pods-Huella_Deportiva/Pods-Huella_Deportiva-frameworks.sh\"\n";
			showEnvVarsInLog = 0;
		};
		5FDBF7C3E9E27EBB46F8C457 /* Check Pods Manifest.lock */ = {
			isa = PBXShellScriptBuildPhase;
			buildActionMask = 2147483647;
			files = (
			);
			inputPaths = (
			);
			name = "Check Pods Manifest.lock";
			outputPaths = (
			);
			runOnlyForDeploymentPostprocessing = 0;
			shellPath = /bin/sh;
			shellScript = "diff \"${PODS_ROOT}/../Podfile.lock\" \"${PODS_ROOT}/Manifest.lock\" > /dev/null\nif [[ $? != 0 ]] ; then\n    cat << EOM\nerror: The sandbox is not in sync with the Podfile.lock. Run 'pod install' or update your CocoaPods installation.\nEOM\n    exit 1\nfi\n";
			showEnvVarsInLog = 0;
		};
		90947C29185EE4D1AC98DFEE /* Copy Pods Resources */ = {
			isa = PBXShellScriptBuildPhase;
			buildActionMask = 2147483647;
			files = (
			);
			inputPaths = (
			);
			name = "Copy Pods Resources";
			outputPaths = (
			);
			runOnlyForDeploymentPostprocessing = 0;
			shellPath = /bin/sh;
			shellScript = "\"${SRCROOT}/Pods/Target Support Files/Pods-Huella_Deportiva/Pods-Huella_Deportiva-resources.sh\"\n";
			showEnvVarsInLog = 0;
		};
/* End PBXShellScriptBuildPhase section */

/* Begin PBXSourcesBuildPhase section */
		E639CDB81C8FB8AC00B5A744 /* Sources */ = {
			isa = PBXSourcesBuildPhase;
			buildActionMask = 2147483647;
			files = (
				E639CDC01C8FB8AC00B5A744 /* AppDelegate.swift in Sources */,
				E639CDF31C92242F00B5A744 /* PhotosViewController.swift in Sources */,
				E639CDEB1C921A7300B5A744 /* MenuTableViewController.swift in Sources */,
				F60B1DD41CADEC0B00023A99 /* Post.swift in Sources */,
				F6DE4E661CB1A7AE00FBA77E /* TwitterClient.swift in Sources */,
				E639CDEF1C92233600B5A744 /* StandingsViewController.swift in Sources */,
				E639CDD31C8FC0D100B5A744 /* HomeViewController.swift in Sources */,
				E639CDED1C92229500B5A744 /* ScheduleViewController.swift in Sources */,
				F61D920C1CB1D65500B05FF4 /* SettingsViewController.swift in Sources */,
				E639CDDA1C8FC52500B5A744 /* News.swift in Sources */,
				E639CDD81C8FC31200B5A744 /* PostCell.swift in Sources */,
				E639CDF11C9223C100B5A744 /* SportsViewController.swift in Sources */,
				E639CDDC1C8FCE1700B5A744 /* NewsDetailViewController.swift in Sources */,
				F6A9DA831CB0DBF7009CAEEA /* LoginViewController.swift in Sources */,
				E639CDE81C92146D00B5A744 /* SWRevealViewController.m in Sources */,
			);
			runOnlyForDeploymentPostprocessing = 0;
		};
/* End PBXSourcesBuildPhase section */

/* Begin PBXVariantGroup section */
		E639CDC31C8FB8AC00B5A744 /* Main.storyboard */ = {
			isa = PBXVariantGroup;
			children = (
				E639CDC41C8FB8AC00B5A744 /* Base */,
			);
			name = Main.storyboard;
			sourceTree = "<group>";
		};
		E639CDC81C8FB8AC00B5A744 /* LaunchScreen.storyboard */ = {
			isa = PBXVariantGroup;
			children = (
				E639CDC91C8FB8AC00B5A744 /* Base */,
			);
			name = LaunchScreen.storyboard;
			sourceTree = "<group>";
		};
/* End PBXVariantGroup section */

/* Begin XCBuildConfiguration section */
		E639CDCC1C8FB8AC00B5A744 /* Debug */ = {
			isa = XCBuildConfiguration;
			buildSettings = {
				ALWAYS_SEARCH_USER_PATHS = NO;
				CLANG_CXX_LANGUAGE_STANDARD = "gnu++0x";
				CLANG_CXX_LIBRARY = "libc++";
				CLANG_ENABLE_MODULES = YES;
				CLANG_ENABLE_OBJC_ARC = YES;
				CLANG_WARN_BOOL_CONVERSION = YES;
				CLANG_WARN_CONSTANT_CONVERSION = YES;
				CLANG_WARN_DIRECT_OBJC_ISA_USAGE = YES_ERROR;
				CLANG_WARN_EMPTY_BODY = YES;
				CLANG_WARN_ENUM_CONVERSION = YES;
				CLANG_WARN_INT_CONVERSION = YES;
				CLANG_WARN_OBJC_ROOT_CLASS = YES_ERROR;
				CLANG_WARN_UNREACHABLE_CODE = YES;
				CLANG_WARN__DUPLICATE_METHOD_MATCH = YES;
				"CODE_SIGN_IDENTITY[sdk=iphoneos*]" = "iPhone Developer";
				COPY_PHASE_STRIP = NO;
				DEBUG_INFORMATION_FORMAT = dwarf;
				ENABLE_STRICT_OBJC_MSGSEND = YES;
				ENABLE_TESTABILITY = YES;
				GCC_C_LANGUAGE_STANDARD = gnu99;
				GCC_DYNAMIC_NO_PIC = NO;
				GCC_NO_COMMON_BLOCKS = YES;
				GCC_OPTIMIZATION_LEVEL = 0;
				GCC_PREPROCESSOR_DEFINITIONS = (
					"DEBUG=1",
					"$(inherited)",
				);
				GCC_WARN_64_TO_32_BIT_CONVERSION = YES;
				GCC_WARN_ABOUT_RETURN_TYPE = YES_ERROR;
				GCC_WARN_UNDECLARED_SELECTOR = YES;
				GCC_WARN_UNINITIALIZED_AUTOS = YES_AGGRESSIVE;
				GCC_WARN_UNUSED_FUNCTION = YES;
				GCC_WARN_UNUSED_VARIABLE = YES;
				IPHONEOS_DEPLOYMENT_TARGET = 9.2;
				MTL_ENABLE_DEBUG_INFO = YES;
				ONLY_ACTIVE_ARCH = YES;
				SDKROOT = iphoneos;
				SWIFT_OPTIMIZATION_LEVEL = "-Onone";
			};
			name = Debug;
		};
		E639CDCD1C8FB8AC00B5A744 /* Release */ = {
			isa = XCBuildConfiguration;
			buildSettings = {
				ALWAYS_SEARCH_USER_PATHS = NO;
				CLANG_CXX_LANGUAGE_STANDARD = "gnu++0x";
				CLANG_CXX_LIBRARY = "libc++";
				CLANG_ENABLE_MODULES = YES;
				CLANG_ENABLE_OBJC_ARC = YES;
				CLANG_WARN_BOOL_CONVERSION = YES;
				CLANG_WARN_CONSTANT_CONVERSION = YES;
				CLANG_WARN_DIRECT_OBJC_ISA_USAGE = YES_ERROR;
				CLANG_WARN_EMPTY_BODY = YES;
				CLANG_WARN_ENUM_CONVERSION = YES;
				CLANG_WARN_INT_CONVERSION = YES;
				CLANG_WARN_OBJC_ROOT_CLASS = YES_ERROR;
				CLANG_WARN_UNREACHABLE_CODE = YES;
				CLANG_WARN__DUPLICATE_METHOD_MATCH = YES;
				"CODE_SIGN_IDENTITY[sdk=iphoneos*]" = "iPhone Developer";
				COPY_PHASE_STRIP = NO;
				DEBUG_INFORMATION_FORMAT = "dwarf-with-dsym";
				ENABLE_NS_ASSERTIONS = NO;
				ENABLE_STRICT_OBJC_MSGSEND = YES;
				GCC_C_LANGUAGE_STANDARD = gnu99;
				GCC_NO_COMMON_BLOCKS = YES;
				GCC_WARN_64_TO_32_BIT_CONVERSION = YES;
				GCC_WARN_ABOUT_RETURN_TYPE = YES_ERROR;
				GCC_WARN_UNDECLARED_SELECTOR = YES;
				GCC_WARN_UNINITIALIZED_AUTOS = YES_AGGRESSIVE;
				GCC_WARN_UNUSED_FUNCTION = YES;
				GCC_WARN_UNUSED_VARIABLE = YES;
				IPHONEOS_DEPLOYMENT_TARGET = 9.2;
				MTL_ENABLE_DEBUG_INFO = NO;
				SDKROOT = iphoneos;
				VALIDATE_PRODUCT = YES;
			};
			name = Release;
		};
		E639CDCF1C8FB8AC00B5A744 /* Debug */ = {
			isa = XCBuildConfiguration;
			baseConfigurationReference = 25DDF6DBC7617EC8527E9E61 /* Pods-Huella_Deportiva.debug.xcconfig */;
			buildSettings = {
				ASSETCATALOG_COMPILER_APPICON_NAME = AppIcon;
				CLANG_ENABLE_MODULES = YES;
				CODE_SIGN_IDENTITY = "iPhone Developer";
				"CODE_SIGN_IDENTITY[sdk=iphoneos*]" = "iPhone Developer";
				INFOPLIST_FILE = Huella_Deportiva/Info.plist;
				LD_RUNPATH_SEARCH_PATHS = "$(inherited) @executable_path/Frameworks";
				PRODUCT_BUNDLE_IDENTIFIER = "Cristian-Melendez.Huella-Deportiva";
				PRODUCT_NAME = "$(TARGET_NAME)";
				PROVISIONING_PROFILE = "";
				SWIFT_OBJC_BRIDGING_HEADER = "Huella_Deportiva/Huella_Deportiva-Bridging-Header.h";
				SWIFT_OPTIMIZATION_LEVEL = "-Onone";
			};
			name = Debug;
		};
		E639CDD01C8FB8AC00B5A744 /* Release */ = {
			isa = XCBuildConfiguration;
			baseConfigurationReference = 6C511E04D2DA1DB4AC935FCC /* Pods-Huella_Deportiva.release.xcconfig */;
			buildSettings = {
				ASSETCATALOG_COMPILER_APPICON_NAME = AppIcon;
				CLANG_ENABLE_MODULES = YES;
				CODE_SIGN_IDENTITY = "iPhone Developer";
				"CODE_SIGN_IDENTITY[sdk=iphoneos*]" = "iPhone Developer";
				INFOPLIST_FILE = Huella_Deportiva/Info.plist;
				LD_RUNPATH_SEARCH_PATHS = "$(inherited) @executable_path/Frameworks";
				PRODUCT_BUNDLE_IDENTIFIER = "Cristian-Melendez.Huella-Deportiva";
				PRODUCT_NAME = "$(TARGET_NAME)";
				PROVISIONING_PROFILE = "";
				SWIFT_OBJC_BRIDGING_HEADER = "Huella_Deportiva/Huella_Deportiva-Bridging-Header.h";
			};
			name = Release;
		};
/* End XCBuildConfiguration section */

/* Begin XCConfigurationList section */
		E639CDB71C8FB8AC00B5A744 /* Build configuration list for PBXProject "Huella_Deportiva" */ = {
			isa = XCConfigurationList;
			buildConfigurations = (
				E639CDCC1C8FB8AC00B5A744 /* Debug */,
				E639CDCD1C8FB8AC00B5A744 /* Release */,
			);
			defaultConfigurationIsVisible = 0;
			defaultConfigurationName = Release;
		};
		E639CDCE1C8FB8AC00B5A744 /* Build configuration list for PBXNativeTarget "Huella_Deportiva" */ = {
			isa = XCConfigurationList;
			buildConfigurations = (
				E639CDCF1C8FB8AC00B5A744 /* Debug */,
				E639CDD01C8FB8AC00B5A744 /* Release */,
			);
			defaultConfigurationIsVisible = 0;
			defaultConfigurationName = Release;
		};
/* End XCConfigurationList section */
	};
	rootObject = E639CDB41C8FB8AC00B5A744 /* Project object */;
}
